
Microsoft Visual Studio Solution File, Format Version 12.00
# Visual Studio Version 16
VisualStudioVersion = 16.0.810.5
MinimumVisualStudioVersion = 10.0.40219.1
Project("{FAE04EC0-301F-11D3-BF4B-00C04F79EFBC}") = "MeadowJoystick", "MeadowJoystick\MeadowJoystick.csproj", "{AA7151EE-9276-4874-A852-785311769EAA}"
EndProject
Global
	GlobalSection(SolutionConfigurationPlatforms) = preSolution
		Debug|Any CPU = Debug|Any CPU
		Release|Any CPU = Release|Any CPU
	EndGlobalSection
	GlobalSection(ProjectConfigurationPlatforms) = postSolution
		{AA7151EE-9276-4874-A852-785311769EAA}.Debug|Any CPU.ActiveCfg = Debug|Any CPU
		{AA7151EE-9276-4874-A852-785311769EAA}.Debug|Any CPU.Build.0 = Debug|Any CPU
		{AA7151EE-9276-4874-A852-785311769EAA}.Release|Any CPU.ActiveCfg = Release|Any CPU
		{AA7151EE-9276-4874-A852-785311769EAA}.Release|Any CPU.Build.0 = Release|Any CPU
	EndGlobalSection
	GlobalSection(SolutionProperties) = preSolution
		HideSolutionNode = FALSE
	EndGlobalSection
	GlobalSection(ExtensibilityGlobals) = postSolution
		SolutionGuid = {76BFEFEE-449E-4820-978C-F8E71843C1E2}
	EndGlobalSection
EndGlobal
